
Microsoft Visual Studio Solution File, Format Version 12.00
# Visual Studio Version 17
VisualStudioVersion = 17.9.34714.143
MinimumVisualStudioVersion = 10.0.40219.1
Project("{9A19103F-16F7-4668-BE54-9A1E7A4F7556}") = "Application", "Application\Application.csproj", "{6BC98400-B319-4EC8-813B-834C76FD90B6}"
EndProject
Project("{FAE04EC0-301F-11D3-BF4B-00C04F79EFBC}") = "CineFunction", "CineFunction\CineFunction.csproj", "{66B6EA71-F0D1-46B2-A46B-EE22B15E9EC6}"
EndProject
Project("{FAE04EC0-301F-11D3-BF4B-00C04F79EFBC}") = "Domain", "Domain\Domain.csproj", "{19E24ACB-4DDF-4444-B991-BEA40B39DC83}"
EndProject
Project("{FAE04EC0-301F-11D3-BF4B-00C04F79EFBC}") = "Infraestructure", "Infraestructure\Infraestructure.csproj", "{75664F8A-7544-4849-9AE8-43B29CAFAE58}"
EndProject
Global
	GlobalSection(SolutionConfigurationPlatforms) = preSolution
		Debug|Any CPU = Debug|Any CPU
		Release|Any CPU = Release|Any CPU
	EndGlobalSection
	GlobalSection(ProjectConfigurationPlatforms) = postSolution
		{6BC98400-B319-4EC8-813B-834C76FD90B6}.Debug|Any CPU.ActiveCfg = Debug|Any CPU
		{6BC98400-B319-4EC8-813B-834C76FD90B6}.Debug|Any CPU.Build.0 = Debug|Any CPU
		{6BC98400-B319-4EC8-813B-834C76FD90B6}.Release|Any CPU.ActiveCfg = Release|Any CPU
		{6BC98400-B319-4EC8-813B-834C76FD90B6}.Release|Any CPU.Build.0 = Release|Any CPU
		{66B6EA71-F0D1-46B2-A46B-EE22B15E9EC6}.Debug|Any CPU.ActiveCfg = Debug|Any CPU
		{66B6EA71-F0D1-46B2-A46B-EE22B15E9EC6}.Debug|Any CPU.Build.0 = Debug|Any CPU
		{66B6EA71-F0D1-46B2-A46B-EE22B15E9EC6}.Release|Any CPU.ActiveCfg = Release|Any CPU
		{66B6EA71-F0D1-46B2-A46B-EE22B15E9EC6}.Release|Any CPU.Build.0 = Release|Any CPU
		{19E24ACB-4DDF-4444-B991-BEA40B39DC83}.Debug|Any CPU.ActiveCfg = Debug|Any CPU
		{19E24ACB-4DDF-4444-B991-BEA40B39DC83}.Debug|Any CPU.Build.0 = Debug|Any CPU
		{19E24ACB-4DDF-4444-B991-BEA40B39DC83}.Release|Any CPU.ActiveCfg = Release|Any CPU
		{19E24ACB-4DDF-4444-B991-BEA40B39DC83}.Release|Any CPU.Build.0 = Release|Any CPU
		{75664F8A-7544-4849-9AE8-43B29CAFAE58}.Debug|Any CPU.ActiveCfg = Debug|Any CPU
		{75664F8A-7544-4849-9AE8-43B29CAFAE58}.Debug|Any CPU.Build.0 = Debug|Any CPU
		{75664F8A-7544-4849-9AE8-43B29CAFAE58}.Release|Any CPU.ActiveCfg = Release|Any CPU
		{75664F8A-7544-4849-9AE8-43B29CAFAE58}.Release|Any CPU.Build.0 = Release|Any CPU
	EndGlobalSection
	GlobalSection(SolutionProperties) = preSolution
		HideSolutionNode = FALSE
	EndGlobalSection
	GlobalSection(ExtensibilityGlobals) = postSolution
		SolutionGuid = {2E99F17F-8E90-40FF-A9DC-4BE8AC1328BC}
	EndGlobalSection
EndGlobal
